
Microsoft Visual Studio Solution File, Format Version 12.00
# Visual Studio Version 16
VisualStudioVersion = 16.0.29503.13
MinimumVisualStudioVersion = 10.0.40219.1
Project("{FAE04EC0-301F-11D3-BF4B-00C04F79EFBC}") = "ED-Core_1.1", "1.1\ED-Core_1.1.csproj", "{4459823B-F8E7-4B5E-9690-263825FDB01F}"
EndProject
Project("{FAE04EC0-301F-11D3-BF4B-00C04F79EFBC}") = "ED-Core_1.2", "1.2\ED-Core_1.2.csproj", "{756A5288-2D72-4500-A3D3-681A9ABCCEBB}"
EndProject
Global
	GlobalSection(SolutionConfigurationPlatforms) = preSolution
		Debug|Any CPU = Debug|Any CPU
		Release|Any CPU = Release|Any CPU
	EndGlobalSection
	GlobalSection(ProjectConfigurationPlatforms) = postSolution
		{4459823B-F8E7-4B5E-9690-263825FDB01F}.Debug|Any CPU.ActiveCfg = Debug|Any CPU
		{4459823B-F8E7-4B5E-9690-263825FDB01F}.Debug|Any CPU.Build.0 = Debug|Any CPU
		{4459823B-F8E7-4B5E-9690-263825FDB01F}.Release|Any CPU.ActiveCfg = Release|Any CPU
		{4459823B-F8E7-4B5E-9690-263825FDB01F}.Release|Any CPU.Build.0 = Release|Any CPU
		{756A5288-2D72-4500-A3D3-681A9ABCCEBB}.Debug|Any CPU.ActiveCfg = Debug|Any CPU
		{756A5288-2D72-4500-A3D3-681A9ABCCEBB}.Debug|Any CPU.Build.0 = Debug|Any CPU
		{756A5288-2D72-4500-A3D3-681A9ABCCEBB}.Release|Any CPU.ActiveCfg = Release|Any CPU
		{756A5288-2D72-4500-A3D3-681A9ABCCEBB}.Release|Any CPU.Build.0 = Release|Any CPU
	EndGlobalSection
	GlobalSection(SolutionProperties) = preSolution
		HideSolutionNode = FALSE
	EndGlobalSection
	GlobalSection(ExtensibilityGlobals) = postSolution
		SolutionGuid = {D23B54F4-E42D-492D-A86B-9406F54824F6}
	EndGlobalSection
EndGlobal
